
Microsoft Visual Studio Solution File, Format Version 12.00
# Visual Studio Version 17
VisualStudioVersion = 17.3.32819.101
MinimumVisualStudioVersion = 10.0.40219.1
Project("{8BC9CEB8-8B4A-11D0-8D11-00A0C91BC942}") = "BlkFiles", "BlkFiles\BlkFiles.vcxproj", "{910FF62A-AD12-4A2F-8EDC-81428629A37F}"
EndProject
Global
	GlobalSection(SolutionConfigurationPlatforms) = preSolution
		Debug|x64 = Debug|x64
		Debug|x86 = Debug|x86
		Release|x64 = Release|x64
		Release|x86 = Release|x86
	EndGlobalSection
	GlobalSection(ProjectConfigurationPlatforms) = postSolution
		{910FF62A-AD12-4A2F-8EDC-81428629A37F}.Debug|x64.ActiveCfg = Debug|x64
		{910FF62A-AD12-4A2F-8EDC-81428629A37F}.Debug|x64.Build.0 = Debug|x64
		{910FF62A-AD12-4A2F-8EDC-81428629A37F}.Debug|x86.ActiveCfg = Debug|Win32
		{910FF62A-AD12-4A2F-8EDC-81428629A37F}.Debug|x86.Build.0 = Debug|Win32
		{910FF62A-AD12-4A2F-8EDC-81428629A37F}.Release|x64.ActiveCfg = Release|x64
		{910FF62A-AD12-4A2F-8EDC-81428629A37F}.Release|x64.Build.0 = Release|x64
		{910FF62A-AD12-4A2F-8EDC-81428629A37F}.Release|x86.ActiveCfg = Release|Win32
		{910FF62A-AD12-4A2F-8EDC-81428629A37F}.Release|x86.Build.0 = Release|Win32
	EndGlobalSection
	GlobalSection(SolutionProperties) = preSolution
		HideSolutionNode = FALSE
	EndGlobalSection
	GlobalSection(ExtensibilityGlobals) = postSolution
		SolutionGuid = {E1712CBD-555E-4684-8E01-72DA813F0B0A}
	EndGlobalSection
EndGlobal
